
Microsoft Visual Studio Solution File, Format Version 12.00
# Visual Studio 15
VisualStudioVersion = 15.0.28307.705
MinimumVisualStudioVersion = 10.0.40219.1
Project("{FAE04EC0-301F-11D3-BF4B-00C04F79EFBC}") = "InsurancesAPI", "InsurancesAPI\InsurancesAPI.csproj", "{7D7DD6A7-CB6C-4CFF-8A9B-06A11CE673FA}"
EndProject
Project("{FAE04EC0-301F-11D3-BF4B-00C04F79EFBC}") = "InsurancesAPI.Tests", "InsurancesAPI.Tests\InsurancesAPI.Tests.csproj", "{3B028EE6-7808-41D6-955C-12A833358362}"
EndProject
Project("{FAE04EC0-301F-11D3-BF4B-00C04F79EFBC}") = "Models", "Models\Models.csproj", "{D59FD213-C425-49C2-B3BD-716A71CCA84C}"
EndProject
Project("{FAE04EC0-301F-11D3-BF4B-00C04F79EFBC}") = "DatabaseAccess", "Database\DatabaseAccess.csproj", "{EC9EE960-9033-4D0D-BE60-0F49FD5E60DA}"
EndProject
Global
	GlobalSection(SolutionConfigurationPlatforms) = preSolution
		Debug|Any CPU = Debug|Any CPU
		Release|Any CPU = Release|Any CPU
	EndGlobalSection
	GlobalSection(ProjectConfigurationPlatforms) = postSolution
		{7D7DD6A7-CB6C-4CFF-8A9B-06A11CE673FA}.Debug|Any CPU.ActiveCfg = Debug|Any CPU
		{7D7DD6A7-CB6C-4CFF-8A9B-06A11CE673FA}.Debug|Any CPU.Build.0 = Debug|Any CPU
		{7D7DD6A7-CB6C-4CFF-8A9B-06A11CE673FA}.Release|Any CPU.ActiveCfg = Release|Any CPU
		{7D7DD6A7-CB6C-4CFF-8A9B-06A11CE673FA}.Release|Any CPU.Build.0 = Release|Any CPU
		{3B028EE6-7808-41D6-955C-12A833358362}.Debug|Any CPU.ActiveCfg = Debug|Any CPU
		{3B028EE6-7808-41D6-955C-12A833358362}.Debug|Any CPU.Build.0 = Debug|Any CPU
		{3B028EE6-7808-41D6-955C-12A833358362}.Release|Any CPU.ActiveCfg = Release|Any CPU
		{3B028EE6-7808-41D6-955C-12A833358362}.Release|Any CPU.Build.0 = Release|Any CPU
		{D59FD213-C425-49C2-B3BD-716A71CCA84C}.Debug|Any CPU.ActiveCfg = Debug|Any CPU
		{D59FD213-C425-49C2-B3BD-716A71CCA84C}.Debug|Any CPU.Build.0 = Debug|Any CPU
		{D59FD213-C425-49C2-B3BD-716A71CCA84C}.Release|Any CPU.ActiveCfg = Release|Any CPU
		{D59FD213-C425-49C2-B3BD-716A71CCA84C}.Release|Any CPU.Build.0 = Release|Any CPU
		{EC9EE960-9033-4D0D-BE60-0F49FD5E60DA}.Debug|Any CPU.ActiveCfg = Debug|Any CPU
		{EC9EE960-9033-4D0D-BE60-0F49FD5E60DA}.Debug|Any CPU.Build.0 = Debug|Any CPU
		{EC9EE960-9033-4D0D-BE60-0F49FD5E60DA}.Release|Any CPU.ActiveCfg = Release|Any CPU
		{EC9EE960-9033-4D0D-BE60-0F49FD5E60DA}.Release|Any CPU.Build.0 = Release|Any CPU
	EndGlobalSection
	GlobalSection(SolutionProperties) = preSolution
		HideSolutionNode = FALSE
	EndGlobalSection
	GlobalSection(ExtensibilityGlobals) = postSolution
		SolutionGuid = {695803B5-B230-440F-8B81-951D76BCABA4}
	EndGlobalSection
EndGlobal
